
Microsoft Visual Studio Solution File, Format Version 12.00
# Visual Studio Version 17
VisualStudioVersion = 17.3.32929.385
MinimumVisualStudioVersion = 10.0.40219.1
Project("{9A19103F-16F7-4668-BE54-9A1E7A4F7556}") = "01_Intro", "01_Intro\01_Intro.csproj", "{08BD80D8-7592-4E55-83B5-CC353CFE9F12}"
EndProject
Project("{9A19103F-16F7-4668-BE54-9A1E7A4F7556}") = "02_Arrays", "02_Arrays\02_Arrays.csproj", "{09A861BC-F5A1-4601-B0EA-57366DF04F56}"
EndProject
Project("{9A19103F-16F7-4668-BE54-9A1E7A4F7556}") = "03_Enum", "03_Enum\03_Enum.csproj", "{D1B89429-4D21-432F-8B91-67569F88E937}"
EndProject
Project("{9A19103F-16F7-4668-BE54-9A1E7A4F7556}") = "04_String", "04_String\04_String.csproj", "{967564BF-0FAD-4061-B768-171228BF650F}"
EndProject
Project("{9A19103F-16F7-4668-BE54-9A1E7A4F7556}") = "05_StringBuilder", "05_StringBuilder\05_StringBuilder.csproj", "{2CEEF077-7B11-4C45-9B5F-29C279F3ED2A}"
EndProject
Project("{9A19103F-16F7-4668-BE54-9A1E7A4F7556}") = "06_IntroToOOP_Properties", "06_IntroToOOP_Properties\06_IntroToOOP_Properties.csproj", "{84EECB58-DD53-4199-B315-B2E3C8B80DF9}"
EndProject
Project("{9A19103F-16F7-4668-BE54-9A1E7A4F7556}") = "07_RefOutStruct", "07_RefOutStruct\07_RefOutStruct.csproj", "{BC5364A7-EC8D-4883-AF29-5A9FB8FB610E}"
EndProject
Project("{9A19103F-16F7-4668-BE54-9A1E7A4F7556}") = "08_OverloadOperators", "08_OverloadOperators\08_OverloadOperators.csproj", "{016CC0FC-EF1D-4223-B723-D73A9CF97942}"
EndProject
Project("{9A19103F-16F7-4668-BE54-9A1E7A4F7556}") = "09_Indexes", "09_Indexes\09_Indexes.csproj", "{5AAFB184-D386-42C7-AD6D-449015C81086}"
EndProject
Project("{9A19103F-16F7-4668-BE54-9A1E7A4F7556}") = "10_Inheritance", "10_Inheritance\10_Inheritance.csproj", "{46F496A1-A638-4E38-AA75-A5167AB3E296}"
EndProject
Project("{9A19103F-16F7-4668-BE54-9A1E7A4F7556}") = "11_InterfacesPr", "11_InterfacesPr\11_InterfacesPr.csproj", "{CA9DE8E8-BC97-4A93-BEDA-85380515F647}"
EndProject
Project("{9A19103F-16F7-4668-BE54-9A1E7A4F7556}") = "12_StandartInterface", "12_StandartInterface\12_StandartInterface.csproj", "{CF1C6941-75CC-4F7F-BB22-1A44EA616E05}"
EndProject
Project("{9A19103F-16F7-4668-BE54-9A1E7A4F7556}") = "13_Delegates", "13_Delegates\13_Delegates.csproj", "{98076E70-567B-409B-95AC-8EF7AAB9421F}"
EndProject
Project("{9A19103F-16F7-4668-BE54-9A1E7A4F7556}") = "14_Event", "14_Event\14_Event.csproj", "{E4AA4292-57C0-499E-B407-35F0A1FD1B62}"
EndProject
Project("{9A19103F-16F7-4668-BE54-9A1E7A4F7556}") = "15_Extension", "15_Extension\15_Extension.csproj", "{B8A30026-4BD8-4231-B77E-B0ED45506569}"
EndProject
Project("{9A19103F-16F7-4668-BE54-9A1E7A4F7556}") = "16_Dictionary", "16_Dictionary\16_Dictionary.csproj", "{18AD7952-A1A7-4A45-8803-6C1B5202E35C}"
EndProject
Project("{9A19103F-16F7-4668-BE54-9A1E7A4F7556}") = "17_Collection", "17_Collection\17_Collection.csproj", "{1958A91E-30DA-4E19-8ACC-AD06630BD68E}"
EndProject
Project("{9A19103F-16F7-4668-BE54-9A1E7A4F7556}") = "18_GenericCollection", "18_GenericCollection\18_GenericCollection.csproj", "{39BF53C8-8C41-4BBA-92E2-131E6C09E27E}"
EndProject
Project("{FAE04EC0-301F-11D3-BF4B-00C04F79EFBC}") = "19_Attributes", "19_Attributes\19_Attributes.csproj", "{069F173A-8E88-4D0D-849E-33848E38F300}"
EndProject
Project("{FAE04EC0-301F-11D3-BF4B-00C04F79EFBC}") = "20_BinarySerializer", "20_BinarySerializer\20_BinarySerializer.csproj", "{160F3032-0163-4F4E-8454-D42E13F4D05D}"
EndProject
Project("{FAE04EC0-301F-11D3-BF4B-00C04F79EFBC}") = "21_XML_JsonSerializer", "21_XML_JsonSerializer\21_XML_JsonSerializer.csproj", "{CE108BF8-67AC-4FCC-9E92-DAD2166AD056}"
EndProject
Project("{FAE04EC0-301F-11D3-BF4B-00C04F79EFBC}") = "22_DataAnnotation", "22_DataAnotation\22_DataAnnotation.csproj", "{3F74CB68-AA3D-43BF-B7C6-B77E70D4BEDA}"
EndProject
Global
	GlobalSection(SolutionConfigurationPlatforms) = preSolution
		Debug|Any CPU = Debug|Any CPU
		Release|Any CPU = Release|Any CPU
	EndGlobalSection
	GlobalSection(ProjectConfigurationPlatforms) = postSolution
		{08BD80D8-7592-4E55-83B5-CC353CFE9F12}.Debug|Any CPU.ActiveCfg = Debug|Any CPU
		{08BD80D8-7592-4E55-83B5-CC353CFE9F12}.Debug|Any CPU.Build.0 = Debug|Any CPU
		{08BD80D8-7592-4E55-83B5-CC353CFE9F12}.Release|Any CPU.ActiveCfg = Release|Any CPU
		{08BD80D8-7592-4E55-83B5-CC353CFE9F12}.Release|Any CPU.Build.0 = Release|Any CPU
		{09A861BC-F5A1-4601-B0EA-57366DF04F56}.Debug|Any CPU.ActiveCfg = Debug|Any CPU
		{09A861BC-F5A1-4601-B0EA-57366DF04F56}.Debug|Any CPU.Build.0 = Debug|Any CPU
		{09A861BC-F5A1-4601-B0EA-57366DF04F56}.Release|Any CPU.ActiveCfg = Release|Any CPU
		{09A861BC-F5A1-4601-B0EA-57366DF04F56}.Release|Any CPU.Build.0 = Release|Any CPU
		{D1B89429-4D21-432F-8B91-67569F88E937}.Debug|Any CPU.ActiveCfg = Debug|Any CPU
		{D1B89429-4D21-432F-8B91-67569F88E937}.Debug|Any CPU.Build.0 = Debug|Any CPU
		{D1B89429-4D21-432F-8B91-67569F88E937}.Release|Any CPU.ActiveCfg = Release|Any CPU
		{D1B89429-4D21-432F-8B91-67569F88E937}.Release|Any CPU.Build.0 = Release|Any CPU
		{967564BF-0FAD-4061-B768-171228BF650F}.Debug|Any CPU.ActiveCfg = Debug|Any CPU
		{967564BF-0FAD-4061-B768-171228BF650F}.Debug|Any CPU.Build.0 = Debug|Any CPU
		{967564BF-0FAD-4061-B768-171228BF650F}.Release|Any CPU.ActiveCfg = Release|Any CPU
		{967564BF-0FAD-4061-B768-171228BF650F}.Release|Any CPU.Build.0 = Release|Any CPU
		{2CEEF077-7B11-4C45-9B5F-29C279F3ED2A}.Debug|Any CPU.ActiveCfg = Debug|Any CPU
		{2CEEF077-7B11-4C45-9B5F-29C279F3ED2A}.Debug|Any CPU.Build.0 = Debug|Any CPU
		{2CEEF077-7B11-4C45-9B5F-29C279F3ED2A}.Release|Any CPU.ActiveCfg = Release|Any CPU
		{2CEEF077-7B11-4C45-9B5F-29C279F3ED2A}.Release|Any CPU.Build.0 = Release|Any CPU
		{84EECB58-DD53-4199-B315-B2E3C8B80DF9}.Debug|Any CPU.ActiveCfg = Debug|Any CPU
		{84EECB58-DD53-4199-B315-B2E3C8B80DF9}.Debug|Any CPU.Build.0 = Debug|Any CPU
		{84EECB58-DD53-4199-B315-B2E3C8B80DF9}.Release|Any CPU.ActiveCfg = Release|Any CPU
		{84EECB58-DD53-4199-B315-B2E3C8B80DF9}.Release|Any CPU.Build.0 = Release|Any CPU
		{BC5364A7-EC8D-4883-AF29-5A9FB8FB610E}.Debug|Any CPU.ActiveCfg = Debug|Any CPU
		{BC5364A7-EC8D-4883-AF29-5A9FB8FB610E}.Debug|Any CPU.Build.0 = Debug|Any CPU
		{BC5364A7-EC8D-4883-AF29-5A9FB8FB610E}.Release|Any CPU.ActiveCfg = Release|Any CPU
		{BC5364A7-EC8D-4883-AF29-5A9FB8FB610E}.Release|Any CPU.Build.0 = Release|Any CPU
		{016CC0FC-EF1D-4223-B723-D73A9CF97942}.Debug|Any CPU.ActiveCfg = Debug|Any CPU
		{016CC0FC-EF1D-4223-B723-D73A9CF97942}.Debug|Any CPU.Build.0 = Debug|Any CPU
		{016CC0FC-EF1D-4223-B723-D73A9CF97942}.Release|Any CPU.ActiveCfg = Release|Any CPU
		{016CC0FC-EF1D-4223-B723-D73A9CF97942}.Release|Any CPU.Build.0 = Release|Any CPU
		{5AAFB184-D386-42C7-AD6D-449015C81086}.Debug|Any CPU.ActiveCfg = Debug|Any CPU
		{5AAFB184-D386-42C7-AD6D-449015C81086}.Debug|Any CPU.Build.0 = Debug|Any CPU
		{5AAFB184-D386-42C7-AD6D-449015C81086}.Release|Any CPU.ActiveCfg = Release|Any CPU
		{5AAFB184-D386-42C7-AD6D-449015C81086}.Release|Any CPU.Build.0 = Release|Any CPU
		{46F496A1-A638-4E38-AA75-A5167AB3E296}.Debug|Any CPU.ActiveCfg = Debug|Any CPU
		{46F496A1-A638-4E38-AA75-A5167AB3E296}.Debug|Any CPU.Build.0 = Debug|Any CPU
		{46F496A1-A638-4E38-AA75-A5167AB3E296}.Release|Any CPU.ActiveCfg = Release|Any CPU
		{46F496A1-A638-4E38-AA75-A5167AB3E296}.Release|Any CPU.Build.0 = Release|Any CPU
		{CA9DE8E8-BC97-4A93-BEDA-85380515F647}.Debug|Any CPU.ActiveCfg = Debug|Any CPU
		{CA9DE8E8-BC97-4A93-BEDA-85380515F647}.Debug|Any CPU.Build.0 = Debug|Any CPU
		{CA9DE8E8-BC97-4A93-BEDA-85380515F647}.Release|Any CPU.ActiveCfg = Release|Any CPU
		{CA9DE8E8-BC97-4A93-BEDA-85380515F647}.Release|Any CPU.Build.0 = Release|Any CPU
		{CF1C6941-75CC-4F7F-BB22-1A44EA616E05}.Debug|Any CPU.ActiveCfg = Debug|Any CPU
		{CF1C6941-75CC-4F7F-BB22-1A44EA616E05}.Debug|Any CPU.Build.0 = Debug|Any CPU
		{CF1C6941-75CC-4F7F-BB22-1A44EA616E05}.Release|Any CPU.ActiveCfg = Release|Any CPU
		{CF1C6941-75CC-4F7F-BB22-1A44EA616E05}.Release|Any CPU.Build.0 = Release|Any CPU
		{98076E70-567B-409B-95AC-8EF7AAB9421F}.Debug|Any CPU.ActiveCfg = Debug|Any CPU
		{98076E70-567B-409B-95AC-8EF7AAB9421F}.Debug|Any CPU.Build.0 = Debug|Any CPU
		{98076E70-567B-409B-95AC-8EF7AAB9421F}.Release|Any CPU.ActiveCfg = Release|Any CPU
		{98076E70-567B-409B-95AC-8EF7AAB9421F}.Release|Any CPU.Build.0 = Release|Any CPU
		{E4AA4292-57C0-499E-B407-35F0A1FD1B62}.Debug|Any CPU.ActiveCfg = Debug|Any CPU
		{E4AA4292-57C0-499E-B407-35F0A1FD1B62}.Debug|Any CPU.Build.0 = Debug|Any CPU
		{E4AA4292-57C0-499E-B407-35F0A1FD1B62}.Release|Any CPU.ActiveCfg = Release|Any CPU
		{E4AA4292-57C0-499E-B407-35F0A1FD1B62}.Release|Any CPU.Build.0 = Release|Any CPU
		{B8A30026-4BD8-4231-B77E-B0ED45506569}.Debug|Any CPU.ActiveCfg = Debug|Any CPU
		{B8A30026-4BD8-4231-B77E-B0ED45506569}.Debug|Any CPU.Build.0 = Debug|Any CPU
		{B8A30026-4BD8-4231-B77E-B0ED45506569}.Release|Any CPU.ActiveCfg = Release|Any CPU
		{B8A30026-4BD8-4231-B77E-B0ED45506569}.Release|Any CPU.Build.0 = Release|Any CPU
		{18AD7952-A1A7-4A45-8803-6C1B5202E35C}.Debug|Any CPU.ActiveCfg = Debug|Any CPU
		{18AD7952-A1A7-4A45-8803-6C1B5202E35C}.Debug|Any CPU.Build.0 = Debug|Any CPU
		{18AD7952-A1A7-4A45-8803-6C1B5202E35C}.Release|Any CPU.ActiveCfg = Release|Any CPU
		{18AD7952-A1A7-4A45-8803-6C1B5202E35C}.Release|Any CPU.Build.0 = Release|Any CPU
		{1958A91E-30DA-4E19-8ACC-AD06630BD68E}.Debug|Any CPU.ActiveCfg = Debug|Any CPU
		{1958A91E-30DA-4E19-8ACC-AD06630BD68E}.Debug|Any CPU.Build.0 = Debug|Any CPU
		{1958A91E-30DA-4E19-8ACC-AD06630BD68E}.Release|Any CPU.ActiveCfg = Release|Any CPU
		{1958A91E-30DA-4E19-8ACC-AD06630BD68E}.Release|Any CPU.Build.0 = Release|Any CPU
		{39BF53C8-8C41-4BBA-92E2-131E6C09E27E}.Debug|Any CPU.ActiveCfg = Debug|Any CPU
		{39BF53C8-8C41-4BBA-92E2-131E6C09E27E}.Debug|Any CPU.Build.0 = Debug|Any CPU
		{39BF53C8-8C41-4BBA-92E2-131E6C09E27E}.Release|Any CPU.ActiveCfg = Release|Any CPU
		{39BF53C8-8C41-4BBA-92E2-131E6C09E27E}.Release|Any CPU.Build.0 = Release|Any CPU
		{069F173A-8E88-4D0D-849E-33848E38F300}.Debug|Any CPU.ActiveCfg = Debug|Any CPU
		{069F173A-8E88-4D0D-849E-33848E38F300}.Debug|Any CPU.Build.0 = Debug|Any CPU
		{069F173A-8E88-4D0D-849E-33848E38F300}.Release|Any CPU.ActiveCfg = Release|Any CPU
		{069F173A-8E88-4D0D-849E-33848E38F300}.Release|Any CPU.Build.0 = Release|Any CPU
		{160F3032-0163-4F4E-8454-D42E13F4D05D}.Debug|Any CPU.ActiveCfg = Debug|Any CPU
		{160F3032-0163-4F4E-8454-D42E13F4D05D}.Debug|Any CPU.Build.0 = Debug|Any CPU
		{160F3032-0163-4F4E-8454-D42E13F4D05D}.Release|Any CPU.ActiveCfg = Release|Any CPU
		{160F3032-0163-4F4E-8454-D42E13F4D05D}.Release|Any CPU.Build.0 = Release|Any CPU
		{CE108BF8-67AC-4FCC-9E92-DAD2166AD056}.Debug|Any CPU.ActiveCfg = Debug|Any CPU
		{CE108BF8-67AC-4FCC-9E92-DAD2166AD056}.Debug|Any CPU.Build.0 = Debug|Any CPU
		{CE108BF8-67AC-4FCC-9E92-DAD2166AD056}.Release|Any CPU.ActiveCfg = Release|Any CPU
		{CE108BF8-67AC-4FCC-9E92-DAD2166AD056}.Release|Any CPU.Build.0 = Release|Any CPU
		{3F74CB68-AA3D-43BF-B7C6-B77E70D4BEDA}.Debug|Any CPU.ActiveCfg = Debug|Any CPU
		{3F74CB68-AA3D-43BF-B7C6-B77E70D4BEDA}.Debug|Any CPU.Build.0 = Debug|Any CPU
		{3F74CB68-AA3D-43BF-B7C6-B77E70D4BEDA}.Release|Any CPU.ActiveCfg = Release|Any CPU
		{3F74CB68-AA3D-43BF-B7C6-B77E70D4BEDA}.Release|Any CPU.Build.0 = Release|Any CPU
	EndGlobalSection
	GlobalSection(SolutionProperties) = preSolution
		HideSolutionNode = FALSE
	EndGlobalSection
	GlobalSection(ExtensibilityGlobals) = postSolution
		SolutionGuid = {FBFDF164-FB70-4704-B24F-35BAC6BAA9AF}
	EndGlobalSection
EndGlobal
